// !$*UTF8*$!
{
	archiveVersion = 1;
	classes = {
	};
	objectVersion = 48;
	objects = {

/* Begin PBXBuildFile section */
		81F72CFF1FE9C5E8003C1064 /* AppDelegate.swift in Sources */ = {isa = PBXBuildFile; fileRef = 81F72CFE1FE9C5E8003C1064 /* AppDelegate.swift */; };
		81F72D011FE9C5E8003C1064 /* ViewController.swift in Sources */ = {isa = PBXBuildFile; fileRef = 81F72D001FE9C5E8003C1064 /* ViewController.swift */; };
		81F72D031FE9C5E8003C1064 /* Document.swift in Sources */ = {isa = PBXBuildFile; fileRef = 81F72D021FE9C5E8003C1064 /* Document.swift */; };
		81F72D051FE9C5E8003C1064 /* Assets.xcassets in Resources */ = {isa = PBXBuildFile; fileRef = 81F72D041FE9C5E8003C1064 /* Assets.xcassets */; };
		81F72D081FE9C5E8003C1064 /* Main.storyboard in Resources */ = {isa = PBXBuildFile; fileRef = 81F72D061FE9C5E8003C1064 /* Main.storyboard */; };
		81F72D111FE9C85F003C1064 /* Canvas.swift in Sources */ = {isa = PBXBuildFile; fileRef = 81F72D101FE9C85F003C1064 /* Canvas.swift */; };
		81F72D131FE9D4F5003C1064 /* CenteringClipView.swift in Sources */ = {isa = PBXBuildFile; fileRef = 81F72D121FE9D4F5003C1064 /* CenteringClipView.swift */; };
/* End PBXBuildFile section */

/* Begin PBXFileReference section */
		81F72CFB1FE9C5E8003C1064 /* Maki.app */ = {isa = PBXFileReference; explicitFileType = wrapper.application; includeInIndex = 0; path = Maki.app; sourceTree = BUILT_PRODUCTS_DIR; };
		81F72CFE1FE9C5E8003C1064 /* AppDelegate.swift */ = {isa = PBXFileReference; lastKnownFileType = sourcecode.swift; path = AppDelegate.swift; sourceTree = "<group>"; };
		81F72D001FE9C5E8003C1064 /* ViewController.swift */ = {isa = PBXFileReference; lastKnownFileType = sourcecode.swift; path = ViewController.swift; sourceTree = "<group>"; };
		81F72D021FE9C5E8003C1064 /* Document.swift */ = {isa = PBXFileReference; lastKnownFileType = sourcecode.swift; path = Document.swift; sourceTree = "<group>"; };
		81F72D041FE9C5E8003C1064 /* Assets.xcassets */ = {isa = PBXFileReference; lastKnownFileType = folder.assetcatalog; path = Assets.xcassets; sourceTree = "<group>"; };
		81F72D071FE9C5E8003C1064 /* Base */ = {isa = PBXFileReference; lastKnownFileType = file.storyboard; name = Base; path = Base.lproj/Main.storyboard; sourceTree = "<group>"; };
		81F72D091FE9C5E8003C1064 /* Info.plist */ = {isa = PBXFileReference; lastKnownFileType = text.plist.xml; path = Info.plist; sourceTree = "<group>"; };
		81F72D0A1FE9C5E8003C1064 /* Maki.entitlements */ = {isa = PBXFileReference; lastKnownFileType = text.plist.entitlements; path = Maki.entitlements; sourceTree = "<group>"; };
		81F72D101FE9C85F003C1064 /* Canvas.swift */ = {isa = PBXFileReference; lastKnownFileType = sourcecode.swift; path = Canvas.swift; sourceTree = "<group>"; };
		81F72D121FE9D4F5003C1064 /* CenteringClipView.swift */ = {isa = PBXFileReference; lastKnownFileType = sourcecode.swift; path = CenteringClipView.swift; sourceTree = "<group>"; };
/* End PBXFileReference section */

/* Begin PBXFrameworksBuildPhase section */
		81F72CF81FE9C5E8003C1064 /* Frameworks */ = {
			isa = PBXFrameworksBuildPhase;
			buildActionMask = 2147483647;
			files = (
			);
			runOnlyForDeploymentPostprocessing = 0;
		};
/* End PBXFrameworksBuildPhase section */

/* Begin PBXGroup section */
		81F72CF21FE9C5E8003C1064 = {
			isa = PBXGroup;
			children = (
				81F72CFD1FE9C5E8003C1064 /* Maki */,
				81F72CFC1FE9C5E8003C1064 /* Products */,
			);
			sourceTree = "<group>";
		};
		81F72CFC1FE9C5E8003C1064 /* Products */ = {
			isa = PBXGroup;
			children = (
				81F72CFB1FE9C5E8003C1064 /* Maki.app */,
			);
			name = Products;
			sourceTree = "<group>";
		};
		81F72CFD1FE9C5E8003C1064 /* Maki */ = {
			isa = PBXGroup;
			children = (
				81F72CFE1FE9C5E8003C1064 /* AppDelegate.swift */,
				81F72D001FE9C5E8003C1064 /* ViewController.swift */,
				81F72D021FE9C5E8003C1064 /* Document.swift */,
				81F72D041FE9C5E8003C1064 /* Assets.xcassets */,
				81F72D061FE9C5E8003C1064 /* Main.storyboard */,
				81F72D091FE9C5E8003C1064 /* Info.plist */,
				81F72D0A1FE9C5E8003C1064 /* Maki.entitlements */,
				81F72D101FE9C85F003C1064 /* Canvas.swift */,
				81F72D121FE9D4F5003C1064 /* CenteringClipView.swift */,
			);
			path = Maki;
			sourceTree = "<group>";
		};
/* End PBXGroup section */

/* Begin PBXNativeTarget section */
		81F72CFA1FE9C5E8003C1064 /* Maki */ = {
			isa = PBXNativeTarget;
			buildConfigurationList = 81F72D0D1FE9C5E8003C1064 /* Build configuration list for PBXNativeTarget "Maki" */;
			buildPhases = (
				81F72CF71FE9C5E8003C1064 /* Sources */,
				81F72CF81FE9C5E8003C1064 /* Frameworks */,
				81F72CF91FE9C5E8003C1064 /* Resources */,
			);
			buildRules = (
			);
			dependencies = (
			);
			name = Maki;
			productName = Maki;
			productReference = 81F72CFB1FE9C5E8003C1064 /* Maki.app */;
			productType = "com.apple.product-type.application";
		};
/* End PBXNativeTarget section */

/* Begin PBXProject section */
		81F72CF31FE9C5E8003C1064 /* Project object */ = {
			isa = PBXProject;
			attributes = {
				LastSwiftUpdateCheck = 0920;
				LastUpgradeCheck = 0920;
				ORGANIZATIONNAME = "Lory & Ludlow";
				TargetAttributes = {
					81F72CFA1FE9C5E8003C1064 = {
						CreatedOnToolsVersion = 9.2;
						ProvisioningStyle = Automatic;
					};
				};
			};
			buildConfigurationList = 81F72CF61FE9C5E8003C1064 /* Build configuration list for PBXProject "Maki" */;
			compatibilityVersion = "Xcode 8.0";
			developmentRegion = en;
			hasScannedForEncodings = 0;
			knownRegions = (
				en,
				Base,
			);
			mainGroup = 81F72CF21FE9C5E8003C1064;
			productRefGroup = 81F72CFC1FE9C5E8003C1064 /* Products */;
			projectDirPath = "";
			projectRoot = "";
			targets = (
				81F72CFA1FE9C5E8003C1064 /* Maki */,
			);
		};
/* End PBXProject section */

/* Begin PBXResourcesBuildPhase section */
		81F72CF91FE9C5E8003C1064 /* Resources */ = {
			isa = PBXResourcesBuildPhase;
			buildActionMask = 2147483647;
			files = (
				81F72D051FE9C5E8003C1064 /* Assets.xcassets in Resources */,
				81F72D081FE9C5E8003C1064 /* Main.storyboard in Resources */,
			);
			runOnlyForDeploymentPostprocessing = 0;
		};
/* End PBXResourcesBuildPhase section */

/* Begin PBXSourcesBuildPhase section */
		81F72CF71FE9C5E8003C1064 /* Sources */ = {
			isa = PBXSourcesBuildPhase;
			buildActionMask = 2147483647;
			files = (
				81F72D131FE9D4F5003C1064 /* CenteringClipView.swift in Sources */,
				81F72D011FE9C5E8003C1064 /* ViewController.swift in Sources */,
				81F72CFF1FE9C5E8003C1064 /* AppDelegate.swift in Sources */,
				81F72D031FE9C5E8003C1064 /* Document.swift in Sources */,
				81F72D111FE9C85F003C1064 /* Canvas.swift in Sources */,
			);
			runOnlyForDeploymentPostprocessing = 0;
		};
/* End PBXSourcesBuildPhase section */

/* Begin PBXVariantGroup section */
		81F72D061FE9C5E8003C1064 /* Main.storyboard */ = {
			isa = PBXVariantGroup;
			children = (
				81F72D071FE9C5E8003C1064 /* Base */,
			);
			name = Main.storyboard;
			sourceTree = "<group>";
		};
/* End PBXVariantGroup section */

/* Begin XCBuildConfiguration section */
		81F72D0B1FE9C5E8003C1064 /* Debug */ = {
			isa = XCBuildConfiguration;
			buildSettings = {
				ALWAYS_SEARCH_USER_PATHS = NO;
				CLANG_ANALYZER_NONNULL = YES;
				CLANG_ANALYZER_NUMBER_OBJECT_CONVERSION = YES_AGGRESSIVE;
				CLANG_CXX_LANGUAGE_STANDARD = "gnu++14";
				CLANG_CXX_LIBRARY = "libc++";
				CLANG_ENABLE_MODULES = YES;
				CLANG_ENABLE_OBJC_ARC = YES;
				CLANG_WARN_BLOCK_CAPTURE_AUTORELEASING = YES;
				CLANG_WARN_BOOL_CONVERSION = YES;
				CLANG_WARN_COMMA = YES;
				CLANG_WARN_CONSTANT_CONVERSION = YES;
				CLANG_WARN_DIRECT_OBJC_ISA_USAGE = YES_ERROR;
				CLANG_WARN_DOCUMENTATION_COMMENTS = YES;
				CLANG_WARN_EMPTY_BODY = YES;
				CLANG_WARN_ENUM_CONVERSION = YES;
				CLANG_WARN_INFINITE_RECURSION = YES;
				CLANG_WARN_INT_CONVERSION = YES;
				CLANG_WARN_NON_LITERAL_NULL_CONVERSION = YES;
				CLANG_WARN_OBJC_LITERAL_CONVERSION = YES;
				CLANG_WARN_OBJC_ROOT_CLASS = YES_ERROR;
				CLANG_WARN_RANGE_LOOP_ANALYSIS = YES;
				CLANG_WARN_STRICT_PROTOTYPES = YES;
				CLANG_WARN_SUSPICIOUS_MOVE = YES;
				CLANG_WARN_UNGUARDED_AVAILABILITY = YES_AGGRESSIVE;
				CLANG_WARN_UNREACHABLE_CODE = YES;
				CLANG_WARN__DUPLICATE_METHOD_MATCH = YES;
				CODE_SIGN_IDENTITY = "Mac Developer";
				COPY_PHASE_STRIP = NO;
				DEBUG_INFORMATION_FORMAT = dwarf;
				ENABLE_STRICT_OBJC_MSGSEND = YES;
				ENABLE_TESTABILITY = YES;
				GCC_C_LANGUAGE_STANDARD = gnu11;
				GCC_DYNAMIC_NO_PIC = NO;
				GCC_NO_COMMON_BLOCKS = YES;
				GCC_OPTIMIZATION_LEVEL = 0;
				GCC_PREPROCESSOR_DEFINITIONS = (
					"DEBUG=1",
					"$(inherited)",
				);
				GCC_WARN_64_TO_32_BIT_CONVERSION = YES;
				GCC_WARN_ABOUT_RETURN_TYPE = YES_ERROR;
				GCC_WARN_UNDECLARED_SELECTOR = YES;
				GCC_WARN_UNINITIALIZED_AUTOS = YES_AGGRESSIVE;
				GCC_WARN_UNUSED_FUNCTION = YES;
				GCC_WARN_UNUSED_VARIABLE = YES;
				MACOSX_DEPLOYMENT_TARGET = 10.13;
				MTL_ENABLE_DEBUG_INFO = YES;
				ONLY_ACTIVE_ARCH = YES;
				SDKROOT = macosx;
				SWIFT_ACTIVE_COMPILATION_CONDITIONS = DEBUG;
				SWIFT_OPTIMIZATION_LEVEL = "-Onone";
			};
			name = Debug;
		};
		81F72D0C1FE9C5E8003C1064 /* Release */ = {
			isa = XCBuildConfiguration;
			buildSettings = {
				ALWAYS_SEARCH_USER_PATHS = NO;
				CLANG_ANALYZER_NONNULL = YES;
				CLANG_ANALYZER_NUMBER_OBJECT_CONVERSION = YES_AGGRESSIVE;
				CLANG_CXX_LANGUAGE_STANDARD = "gnu++14";
				CLANG_CXX_LIBRARY = "libc++";
				CLANG_ENABLE_MODULES = YES;
				CLANG_ENABLE_OBJC_ARC = YES;
				CLANG_WARN_BLOCK_CAPTURE_AUTORELEASING = YES;
				CLANG_WARN_BOOL_CONVERSION = YES;
				CLANG_WARN_COMMA = YES;
				CLANG_WARN_CONSTANT_CONVERSION = YES;
				CLANG_WARN_DIRECT_OBJC_ISA_USAGE = YES_ERROR;
				CLANG_WARN_DOCUMENTATION_COMMENTS = YES;
				CLANG_WARN_EMPTY_BODY = YES;
				CLANG_WARN_ENUM_CONVERSION = YES;
				CLANG_WARN_INFINITE_RECURSION = YES;
				CLANG_WARN_INT_CONVERSION = YES;
				CLANG_WARN_NON_LITERAL_NULL_CONVERSION = YES;
				CLANG_WARN_OBJC_LITERAL_CONVERSION = YES;
				CLANG_WARN_OBJC_ROOT_CLASS = YES_ERROR;
				CLANG_WARN_RANGE_LOOP_ANALYSIS = YES;
				CLANG_WARN_STRICT_PROTOTYPES = YES;
				CLANG_WARN_SUSPICIOUS_MOVE = YES;
				CLANG_WARN_UNGUARDED_AVAILABILITY = YES_AGGRESSIVE;
				CLANG_WARN_UNREACHABLE_CODE = YES;
				CLANG_WARN__DUPLICATE_METHOD_MATCH = YES;
				CODE_SIGN_IDENTITY = "Mac Developer";
				COPY_PHASE_STRIP = NO;
				DEBUG_INFORMATION_FORMAT = "dwarf-with-dsym";
				ENABLE_NS_ASSERTIONS = NO;
				ENABLE_STRICT_OBJC_MSGSEND = YES;
				GCC_C_LANGUAGE_STANDARD = gnu11;
				GCC_NO_COMMON_BLOCKS = YES;
				GCC_WARN_64_TO_32_BIT_CONVERSION = YES;
				GCC_WARN_ABOUT_RETURN_TYPE = YES_ERROR;
				GCC_WARN_UNDECLARED_SELECTOR = YES;
				GCC_WARN_UNINITIALIZED_AUTOS = YES_AGGRESSIVE;
				GCC_WARN_UNUSED_FUNCTION = YES;
				GCC_WARN_UNUSED_VARIABLE = YES;
				MACOSX_DEPLOYMENT_TARGET = 10.13;
				MTL_ENABLE_DEBUG_INFO = NO;
				SDKROOT = macosx;
				SWIFT_OPTIMIZATION_LEVEL = "-Owholemodule";
			};
			name = Release;
		};
		81F72D0E1FE9C5E8003C1064 /* Debug */ = {
			isa = XCBuildConfiguration;
			buildSettings = {
				ASSETCATALOG_COMPILER_APPICON_NAME = AppIcon;
				CODE_SIGN_ENTITLEMENTS = Maki/Maki.entitlements;
				CODE_SIGN_STYLE = Automatic;
				COMBINE_HIDPI_IMAGES = YES;
				DEVELOPMENT_TEAM = HMGQS9V3KZ;
				INFOPLIST_FILE = Maki/Info.plist;
				LD_RUNPATH_SEARCH_PATHS = "$(inherited) @executable_path/../Frameworks";
				PRODUCT_BUNDLE_IDENTIFIER = co.loryandludlow.Maki;
				PRODUCT_NAME = "$(TARGET_NAME)";
				SWIFT_VERSION = 4.0;
			};
			name = Debug;
		};
		81F72D0F1FE9C5E8003C1064 /* Release */ = {
			isa = XCBuildConfiguration;
			buildSettings = {
				ASSETCATALOG_COMPILER_APPICON_NAME = AppIcon;
				CODE_SIGN_ENTITLEMENTS = Maki/Maki.entitlements;
				CODE_SIGN_STYLE = Automatic;
				COMBINE_HIDPI_IMAGES = YES;
				DEVELOPMENT_TEAM = HMGQS9V3KZ;
				INFOPLIST_FILE = Maki/Info.plist;
				LD_RUNPATH_SEARCH_PATHS = "$(inherited) @executable_path/../Frameworks";
				PRODUCT_BUNDLE_IDENTIFIER = co.loryandludlow.Maki;
				PRODUCT_NAME = "$(TARGET_NAME)";
				SWIFT_VERSION = 4.0;
			};
			name = Release;
		};
/* End XCBuildConfiguration section */

/* Begin XCConfigurationList section */
		81F72CF61FE9C5E8003C1064 /* Build configuration list for PBXProject "Maki" */ = {
			isa = XCConfigurationList;
			buildConfigurations = (
				81F72D0B1FE9C5E8003C1064 /* Debug */,
				81F72D0C1FE9C5E8003C1064 /* Release */,
			);
			defaultConfigurationIsVisible = 0;
			defaultConfigurationName = Release;
		};
		81F72D0D1FE9C5E8003C1064 /* Build configuration list for PBXNativeTarget "Maki" */ = {
			isa = XCConfigurationList;
			buildConfigurations = (
				81F72D0E1FE9C5E8003C1064 /* Debug */,
				81F72D0F1FE9C5E8003C1064 /* Release */,
			);
			defaultConfigurationIsVisible = 0;
			defaultConfigurationName = Release;
		};
/* End XCConfigurationList section */
	};
	rootObject = 81F72CF31FE9C5E8003C1064 /* Project object */;
}
